
Microsoft Visual Studio Solution File, Format Version 12.00
# Visual Studio 2013
VisualStudioVersion = 12.0.31101.0
MinimumVisualStudioVersion = 10.0.40219.1
Project("{FAE04EC0-301F-11D3-BF4B-00C04F79EFBC}") = "WaterMouseClickSimple", "WaterMouseClickSimple.csproj", "{938DADB9-899C-48F2-9F66-FDCA4046EA56}"
EndProject
Project("{54435603-DBB4-11D2-8724-00A0C9A8B90C}") = "WaterMouseClickSimpleInstaller", "..\Setup2\Setup2.vdproj", "{484A1D70-E917-42BC-913A-7873DA9A9CEF}"
EndProject
Global
	GlobalSection(SolutionConfigurationPlatforms) = preSolution
		Debug|Any CPU = Debug|Any CPU
		Release|Any CPU = Release|Any CPU
	EndGlobalSection
	GlobalSection(ProjectConfigurationPlatforms) = postSolution
		{938DADB9-899C-48F2-9F66-FDCA4046EA56}.Debug|Any CPU.ActiveCfg = Debug|Any CPU
		{938DADB9-899C-48F2-9F66-FDCA4046EA56}.Debug|Any CPU.Build.0 = Debug|Any CPU
		{938DADB9-899C-48F2-9F66-FDCA4046EA56}.Release|Any CPU.ActiveCfg = Release|Any CPU
		{938DADB9-899C-48F2-9F66-FDCA4046EA56}.Release|Any CPU.Build.0 = Release|Any CPU
		{484A1D70-E917-42BC-913A-7873DA9A9CEF}.Debug|Any CPU.ActiveCfg = Debug
		{484A1D70-E917-42BC-913A-7873DA9A9CEF}.Release|Any CPU.ActiveCfg = Release
	EndGlobalSection
	GlobalSection(SolutionProperties) = preSolution
		HideSolutionNode = FALSE
	EndGlobalSection
EndGlobal
